// !$*UTF8*$!
{
	archiveVersion = 1;
	classes = {
	};
	objectVersion = 48;
	objects = {

/* Begin PBXBuildFile section */
		32338D741FDE18C2001B0B60 /* CompressPicture.m in Sources */ = {isa = PBXBuildFile; fileRef = 32338D731FDE18C2001B0B60 /* CompressPicture.m */; };
		32338D751FDE18C2001B0B60 /* CompressPicture.h in CopyFiles */ = {isa = PBXBuildFile; fileRef = 32338D721FDE18C2001B0B60 /* CompressPicture.h */; };
		32338DB11FDE1BBB001B0B60 /* libCompressPicture.a in Frameworks */ = {isa = PBXBuildFile; fileRef = 32338D6F1FDE18C2001B0B60 /* libCompressPicture.a */; };
/* End PBXBuildFile section */

/* Begin PBXCopyFilesBuildPhase section */
		32338D6D1FDE18C2001B0B60 /* CopyFiles */ = {
			isa = PBXCopyFilesBuildPhase;
			buildActionMask = 2147483647;
			dstPath = "include/$(PRODUCT_NAME)";
			dstSubfolderSpec = 16;
			files = (
				32338D751FDE18C2001B0B60 /* CompressPicture.h in CopyFiles */,
			);
			runOnlyForDeploymentPostprocessing = 0;
		};
/* End PBXCopyFilesBuildPhase section */

/* Begin PBXFileReference section */
		32338D6F1FDE18C2001B0B60 /* libCompressPicture.a */ = {isa = PBXFileReference; explicitFileType = archive.ar; includeInIndex = 0; path = libCompressPicture.a; sourceTree = BUILT_PRODUCTS_DIR; };
		32338D721FDE18C2001B0B60 /* CompressPicture.h */ = {isa = PBXFileReference; lastKnownFileType = sourcecode.c.h; path = CompressPicture.h; sourceTree = "<group>"; };
		32338D731FDE18C2001B0B60 /* CompressPicture.m */ = {isa = PBXFileReference; lastKnownFileType = sourcecode.c.objc; path = CompressPicture.m; sourceTree = "<group>"; };
/* End PBXFileReference section */

/* Begin PBXFrameworksBuildPhase section */
		32338D6C1FDE18C2001B0B60 /* Frameworks */ = {
			isa = PBXFrameworksBuildPhase;
			buildActionMask = 2147483647;
			files = (
				32338DB11FDE1BBB001B0B60 /* libCompressPicture.a in Frameworks */,
			);
			runOnlyForDeploymentPostprocessing = 0;
		};
/* End PBXFrameworksBuildPhase section */

/* Begin PBXGroup section */
		32338D661FDE18C2001B0B60 = {
			isa = PBXGroup;
			children = (
				32338D711FDE18C2001B0B60 /* CompressPicture */,
				32338D701FDE18C2001B0B60 /* Products */,
				32338DB01FDE1BBB001B0B60 /* Frameworks */,
			);
			sourceTree = "<group>";
		};
		32338D701FDE18C2001B0B60 /* Products */ = {
			isa = PBXGroup;
			children = (
				32338D6F1FDE18C2001B0B60 /* libCompressPicture.a */,
			);
			name = Products;
			sourceTree = "<group>";
		};
		32338D711FDE18C2001B0B60 /* CompressPicture */ = {
			isa = PBXGroup;
			children = (
				32338D721FDE18C2001B0B60 /* CompressPicture.h */,
				32338D731FDE18C2001B0B60 /* CompressPicture.m */,
			);
			path = CompressPicture;
			sourceTree = "<group>";
		};
		32338DB01FDE1BBB001B0B60 /* Frameworks */ = {
			isa = PBXGroup;
			children = (
			);
			name = Frameworks;
			sourceTree = "<group>";
		};
/* End PBXGroup section */

/* Begin PBXNativeTarget section */
		32338D6E1FDE18C2001B0B60 /* CompressPicture */ = {
			isa = PBXNativeTarget;
			buildConfigurationList = 32338D781FDE18C2001B0B60 /* Build configuration list for PBXNativeTarget "CompressPicture" */;
			buildPhases = (
				32338D6B1FDE18C2001B0B60 /* Sources */,
				32338D6C1FDE18C2001B0B60 /* Frameworks */,
				32338D6D1FDE18C2001B0B60 /* CopyFiles */,
			);
			buildRules = (
			);
			dependencies = (
			);
			name = CompressPicture;
			productName = CompressPicture;
			productReference = 32338D6F1FDE18C2001B0B60 /* libCompressPicture.a */;
			productType = "com.apple.product-type.library.static";
		};
/* End PBXNativeTarget section */

/* Begin PBXProject section */
		32338D671FDE18C2001B0B60 /* Project object */ = {
			isa = PBXProject;
			attributes = {
				LastUpgradeCheck = 0910;
				ORGANIZATIONNAME = SuperShan;
				TargetAttributes = {
					32338D6E1FDE18C2001B0B60 = {
						CreatedOnToolsVersion = 9.1;
						ProvisioningStyle = Automatic;
					};
				};
			};
			buildConfigurationList = 32338D6A1FDE18C2001B0B60 /* Build configuration list for PBXProject "CompressPicture" */;
			compatibilityVersion = "Xcode 8.0";
			developmentRegion = en;
			hasScannedForEncodings = 0;
			knownRegions = (
				en,
			);
			mainGroup = 32338D661FDE18C2001B0B60;
			productRefGroup = 32338D701FDE18C2001B0B60 /* Products */;
			projectDirPath = "";
			projectRoot = "";
			targets = (
				32338D6E1FDE18C2001B0B60 /* CompressPicture */,
			);
		};
/* End PBXProject section */

/* Begin PBXSourcesBuildPhase section */
		32338D6B1FDE18C2001B0B60 /* Sources */ = {
			isa = PBXSourcesBuildPhase;
			buildActionMask = 2147483647;
			files = (
				32338D741FDE18C2001B0B60 /* CompressPicture.m in Sources */,
			);
			runOnlyForDeploymentPostprocessing = 0;
		};
/* End PBXSourcesBuildPhase section */

/* Begin XCBuildConfiguration section */
		32338D761FDE18C2001B0B60 /* Debug */ = {
			isa = XCBuildConfiguration;
			buildSettings = {
				ALWAYS_SEARCH_USER_PATHS = NO;
				CLANG_ANALYZER_NONNULL = YES;
				CLANG_ANALYZER_NUMBER_OBJECT_CONVERSION = YES_AGGRESSIVE;
				CLANG_CXX_LANGUAGE_STANDARD = "gnu++14";
				CLANG_CXX_LIBRARY = "libc++";
				CLANG_ENABLE_MODULES = YES;
				CLANG_ENABLE_OBJC_ARC = YES;
				CLANG_WARN_BLOCK_CAPTURE_AUTORELEASING = YES;
				CLANG_WARN_BOOL_CONVERSION = YES;
				CLANG_WARN_COMMA = YES;
				CLANG_WARN_CONSTANT_CONVERSION = YES;
				CLANG_WARN_DIRECT_OBJC_ISA_USAGE = YES_ERROR;
				CLANG_WARN_DOCUMENTATION_COMMENTS = YES;
				CLANG_WARN_EMPTY_BODY = YES;
				CLANG_WARN_ENUM_CONVERSION = YES;
				CLANG_WARN_INFINITE_RECURSION = YES;
				CLANG_WARN_INT_CONVERSION = YES;
				CLANG_WARN_NON_LITERAL_NULL_CONVERSION = YES;
				CLANG_WARN_OBJC_LITERAL_CONVERSION = YES;
				CLANG_WARN_OBJC_ROOT_CLASS = YES_ERROR;
				CLANG_WARN_RANGE_LOOP_ANALYSIS = YES;
				CLANG_WARN_STRICT_PROTOTYPES = YES;
				CLANG_WARN_SUSPICIOUS_MOVE = YES;
				CLANG_WARN_UNGUARDED_AVAILABILITY = YES_AGGRESSIVE;
				CLANG_WARN_UNREACHABLE_CODE = YES;
				CLANG_WARN__DUPLICATE_METHOD_MATCH = YES;
				CODE_SIGN_IDENTITY = "iPhone Developer";
				COPY_PHASE_STRIP = NO;
				DEBUG_INFORMATION_FORMAT = dwarf;
				ENABLE_STRICT_OBJC_MSGSEND = YES;
				ENABLE_TESTABILITY = YES;
				GCC_C_LANGUAGE_STANDARD = gnu11;
				GCC_DYNAMIC_NO_PIC = NO;
				GCC_NO_COMMON_BLOCKS = YES;
				GCC_OPTIMIZATION_LEVEL = 0;
				GCC_PREPROCESSOR_DEFINITIONS = (
					"DEBUG=1",
					"$(inherited)",
				);
				GCC_WARN_64_TO_32_BIT_CONVERSION = YES;
				GCC_WARN_ABOUT_RETURN_TYPE = YES_ERROR;
				GCC_WARN_UNDECLARED_SELECTOR = YES;
				GCC_WARN_UNINITIALIZED_AUTOS = YES_AGGRESSIVE;
				GCC_WARN_UNUSED_FUNCTION = YES;
				GCC_WARN_UNUSED_VARIABLE = YES;
				IPHONEOS_DEPLOYMENT_TARGET = 11.1;
				MTL_ENABLE_DEBUG_INFO = YES;
				ONLY_ACTIVE_ARCH = YES;
				SDKROOT = iphoneos;
			};
			name = Debug;
		};
		32338D771FDE18C2001B0B60 /* Release */ = {
			isa = XCBuildConfiguration;
			buildSettings = {
				ALWAYS_SEARCH_USER_PATHS = NO;
				CLANG_ANALYZER_NONNULL = YES;
				CLANG_ANALYZER_NUMBER_OBJECT_CONVERSION = YES_AGGRESSIVE;
				CLANG_CXX_LANGUAGE_STANDARD = "gnu++14";
				CLANG_CXX_LIBRARY = "libc++";
				CLANG_ENABLE_MODULES = YES;
				CLANG_ENABLE_OBJC_ARC = YES;
				CLANG_WARN_BLOCK_CAPTURE_AUTORELEASING = YES;
				CLANG_WARN_BOOL_CONVERSION = YES;
				CLANG_WARN_COMMA = YES;
				CLANG_WARN_CONSTANT_CONVERSION = YES;
				CLANG_WARN_DIRECT_OBJC_ISA_USAGE = YES_ERROR;
				CLANG_WARN_DOCUMENTATION_COMMENTS = YES;
				CLANG_WARN_EMPTY_BODY = YES;
				CLANG_WARN_ENUM_CONVERSION = YES;
				CLANG_WARN_INFINITE_RECURSION = YES;
				CLANG_WARN_INT_CONVERSION = YES;
				CLANG_WARN_NON_LITERAL_NULL_CONVERSION = YES;
				CLANG_WARN_OBJC_LITERAL_CONVERSION = YES;
				CLANG_WARN_OBJC_ROOT_CLASS = YES_ERROR;
				CLANG_WARN_RANGE_LOOP_ANALYSIS = YES;
				CLANG_WARN_STRICT_PROTOTYPES = YES;
				CLANG_WARN_SUSPICIOUS_MOVE = YES;
				CLANG_WARN_UNGUARDED_AVAILABILITY = YES_AGGRESSIVE;
				CLANG_WARN_UNREACHABLE_CODE = YES;
				CLANG_WARN__DUPLICATE_METHOD_MATCH = YES;
				CODE_SIGN_IDENTITY = "iPhone Developer";
				COPY_PHASE_STRIP = NO;
				DEBUG_INFORMATION_FORMAT = "dwarf-with-dsym";
				ENABLE_NS_ASSERTIONS = NO;
				ENABLE_STRICT_OBJC_MSGSEND = YES;
				GCC_C_LANGUAGE_STANDARD = gnu11;
				GCC_NO_COMMON_BLOCKS = YES;
				GCC_WARN_64_TO_32_BIT_CONVERSION = YES;
				GCC_WARN_ABOUT_RETURN_TYPE = YES_ERROR;
				GCC_WARN_UNDECLARED_SELECTOR = YES;
				GCC_WARN_UNINITIALIZED_AUTOS = YES_AGGRESSIVE;
				GCC_WARN_UNUSED_FUNCTION = YES;
				GCC_WARN_UNUSED_VARIABLE = YES;
				IPHONEOS_DEPLOYMENT_TARGET = 11.1;
				MTL_ENABLE_DEBUG_INFO = NO;
				SDKROOT = iphoneos;
				VALIDATE_PRODUCT = YES;
			};
			name = Release;
		};
		32338D791FDE18C2001B0B60 /* Debug */ = {
			isa = XCBuildConfiguration;
			buildSettings = {
				CODE_SIGN_STYLE = Automatic;
				HEADER_SEARCH_PATHS = "$(SRCROOT)/../../react-native/React/**";
				OTHER_LDFLAGS = "-ObjC";
				PRODUCT_NAME = "$(TARGET_NAME)";
				SKIP_INSTALL = YES;
				TARGETED_DEVICE_FAMILY = "1,2";
			};
			name = Debug;
		};
		32338D7A1FDE18C2001B0B60 /* Release */ = {
			isa = XCBuildConfiguration;
			buildSettings = {
				CODE_SIGN_STYLE = Automatic;
				HEADER_SEARCH_PATHS = "$(SRCROOT)/../../react-native/React/**";
				OTHER_LDFLAGS = "-ObjC";
				PRODUCT_NAME = "$(TARGET_NAME)";
				SKIP_INSTALL = YES;
				TARGETED_DEVICE_FAMILY = "1,2";
			};
			name = Release;
		};
/* End XCBuildConfiguration section */

/* Begin XCConfigurationList section */
		32338D6A1FDE18C2001B0B60 /* Build configuration list for PBXProject "CompressPicture" */ = {
			isa = XCConfigurationList;
			buildConfigurations = (
				32338D761FDE18C2001B0B60 /* Debug */,
				32338D771FDE18C2001B0B60 /* Release */,
			);
			defaultConfigurationIsVisible = 0;
			defaultConfigurationName = Release;
		};
		32338D781FDE18C2001B0B60 /* Build configuration list for PBXNativeTarget "CompressPicture" */ = {
			isa = XCConfigurationList;
			buildConfigurations = (
				32338D791FDE18C2001B0B60 /* Debug */,
				32338D7A1FDE18C2001B0B60 /* Release */,
			);
			defaultConfigurationIsVisible = 0;
			defaultConfigurationName = Release;
		};
/* End XCConfigurationList section */
	};
	rootObject = 32338D671FDE18C2001B0B60 /* Project object */;
}
